
Microsoft Visual Studio Solution File, Format Version 12.00
# Visual Studio 2013
VisualStudioVersion = 12.0.30501.0
MinimumVisualStudioVersion = 10.0.40219.1
Project("{8BC9CEB8-8B4A-11D0-8D11-00A0C91BC942}") = "Asteroids", "Asteroids\Asteroids.vcxproj", "{86592BDC-7B3D-45F7-ABF5-0902FEBFB715}"
EndProject
Global
	GlobalSection(SolutionConfigurationPlatforms) = preSolution
		Debug|Win32 = Debug|Win32
		Release|Win32 = Release|Win32
	EndGlobalSection
	GlobalSection(ProjectConfigurationPlatforms) = postSolution
		{86592BDC-7B3D-45F7-ABF5-0902FEBFB715}.Debug|Win32.ActiveCfg = Debug|Win32
		{86592BDC-7B3D-45F7-ABF5-0902FEBFB715}.Debug|Win32.Build.0 = Debug|Win32
		{86592BDC-7B3D-45F7-ABF5-0902FEBFB715}.Release|Win32.ActiveCfg = Release|Win32
		{86592BDC-7B3D-45F7-ABF5-0902FEBFB715}.Release|Win32.Build.0 = Release|Win32
	EndGlobalSection
	GlobalSection(SolutionProperties) = preSolution
		HideSolutionNode = FALSE
	EndGlobalSection
EndGlobal
